// !$*UTF8*$!
{
	archiveVersion = 1;
	classes = {
	};
	objectVersion = 50;
	objects = {

/* Begin PBXBuildFile section */
		1C919DEE21375162008CC300 /* AppDelegate.swift in Sources */ = {isa = PBXBuildFile; fileRef = 1C919DED21375162008CC300 /* AppDelegate.swift */; };
		1C919DF021375162008CC300 /* ViewController.swift in Sources */ = {isa = PBXBuildFile; fileRef = 1C919DEF21375162008CC300 /* ViewController.swift */; };
		1C919DF321375162008CC300 /* Main.storyboard in Resources */ = {isa = PBXBuildFile; fileRef = 1C919DF121375162008CC300 /* Main.storyboard */; };
		1C919DF821375163008CC300 /* Assets.xcassets in Resources */ = {isa = PBXBuildFile; fileRef = 1C919DF721375163008CC300 /* Assets.xcassets */; };
		1C919DFB21375163008CC300 /* LaunchScreen.storyboard in Resources */ = {isa = PBXBuildFile; fileRef = 1C919DF921375163008CC300 /* LaunchScreen.storyboard */; };
		1CB730DD219A54FF00B60C42 /* ReplayKitVideoSource.swift in Sources */ = {isa = PBXBuildFile; fileRef = 1CB730DC219A54FF00B60C42 /* ReplayKitVideoSource.swift */; };
		BBD971A000875F1B99F3D53C /* Pods_TwilioFlyover.framework in Frameworks */ = {isa = PBXBuildFile; fileRef = 43F1F8F1D97B39B353567244 /* Pods_TwilioFlyover.framework */; };
		E815B3D492D2156767D64152 /* Pods_TwilioFlyoverUITests.framework in Frameworks */ = {isa = PBXBuildFile; fileRef = 0ACC6B5A51EFEA8578497D08 /* Pods_TwilioFlyoverUITests.framework */; };
		FF64D7B6378A609150ED9424 /* Pods_TwilioFlyoverTests.framework in Frameworks */ = {isa = PBXBuildFile; fileRef = 99E2386AE6430362131653DF /* Pods_TwilioFlyoverTests.framework */; };
/* End PBXBuildFile section */

/* Begin PBXContainerItemProxy section */
		1C919E0221375163008CC300 /* PBXContainerItemProxy */ = {
			isa = PBXContainerItemProxy;
			containerPortal = 1C919DE221375162008CC300 /* Project object */;
			proxyType = 1;
			remoteGlobalIDString = 1C919DE921375162008CC300;
			remoteInfo = TwilioFlyover;
		};
		1C919E0D21375163008CC300 /* PBXContainerItemProxy */ = {
			isa = PBXContainerItemProxy;
			containerPortal = 1C919DE221375162008CC300 /* Project object */;
			proxyType = 1;
			remoteGlobalIDString = 1C919DE921375162008CC300;
			remoteInfo = TwilioFlyover;
		};
/* End PBXContainerItemProxy section */

/* Begin PBXFileReference section */
		0ACC6B5A51EFEA8578497D08 /* Pods_TwilioFlyoverUITests.framework */ = {isa = PBXFileReference; explicitFileType = wrapper.framework; includeInIndex = 0; path = Pods_TwilioFlyoverUITests.framework; sourceTree = BUILT_PRODUCTS_DIR; };
		1343AB59D0E5F7A2C5468052 /* Pods-TwilioFlyover.debug.xcconfig */ = {isa = PBXFileReference; includeInIndex = 1; lastKnownFileType = text.xcconfig; name = "Pods-TwilioFlyover.debug.xcconfig"; path = "Pods/Target Support Files/Pods-TwilioFlyover/Pods-TwilioFlyover.debug.xcconfig"; sourceTree = "<group>"; };
		1C919DEA21375162008CC300 /* TwilioFlyover.app */ = {isa = PBXFileReference; explicitFileType = wrapper.application; includeInIndex = 0; path = TwilioFlyover.app; sourceTree = BUILT_PRODUCTS_DIR; };
		1C919DED21375162008CC300 /* AppDelegate.swift */ = {isa = PBXFileReference; lastKnownFileType = sourcecode.swift; path = AppDelegate.swift; sourceTree = "<group>"; };
		1C919DEF21375162008CC300 /* ViewController.swift */ = {isa = PBXFileReference; lastKnownFileType = sourcecode.swift; path = ViewController.swift; sourceTree = "<group>"; };
		1C919DF221375162008CC300 /* Base */ = {isa = PBXFileReference; lastKnownFileType = file.storyboard; name = Base; path = Base.lproj/Main.storyboard; sourceTree = "<group>"; };
		1C919DF721375163008CC300 /* Assets.xcassets */ = {isa = PBXFileReference; lastKnownFileType = folder.assetcatalog; path = Assets.xcassets; sourceTree = "<group>"; };
		1C919DFA21375163008CC300 /* Base */ = {isa = PBXFileReference; lastKnownFileType = file.storyboard; name = Base; path = Base.lproj/LaunchScreen.storyboard; sourceTree = "<group>"; };
		1C919DFC21375163008CC300 /* Info.plist */ = {isa = PBXFileReference; lastKnownFileType = text.plist.xml; path = Info.plist; sourceTree = "<group>"; };
		1C919E0121375163008CC300 /* TwilioFlyoverTests.xctest */ = {isa = PBXFileReference; explicitFileType = wrapper.cfbundle; includeInIndex = 0; path = TwilioFlyoverTests.xctest; sourceTree = BUILT_PRODUCTS_DIR; };
		1C919E0C21375163008CC300 /* TwilioFlyoverUITests.xctest */ = {isa = PBXFileReference; explicitFileType = wrapper.cfbundle; includeInIndex = 0; path = TwilioFlyoverUITests.xctest; sourceTree = BUILT_PRODUCTS_DIR; };
		1C9324AA21656F3100BA7568 /* FlyoverKit.framework */ = {isa = PBXFileReference; explicitFileType = wrapper.framework; path = FlyoverKit.framework; sourceTree = BUILT_PRODUCTS_DIR; };
		1CB730DC219A54FF00B60C42 /* ReplayKitVideoSource.swift */ = {isa = PBXFileReference; fileEncoding = 4; lastKnownFileType = sourcecode.swift; path = ReplayKitVideoSource.swift; sourceTree = "<group>"; };
		3B1EE2E05349475A06EDAAAF /* Pods-TwilioFlyoverUITests.release.xcconfig */ = {isa = PBXFileReference; includeInIndex = 1; lastKnownFileType = text.xcconfig; name = "Pods-TwilioFlyoverUITests.release.xcconfig"; path = "Pods/Target Support Files/Pods-TwilioFlyoverUITests/Pods-TwilioFlyoverUITests.release.xcconfig"; sourceTree = "<group>"; };
		43F1F8F1D97B39B353567244 /* Pods_TwilioFlyover.framework */ = {isa = PBXFileReference; explicitFileType = wrapper.framework; includeInIndex = 0; path = Pods_TwilioFlyover.framework; sourceTree = BUILT_PRODUCTS_DIR; };
		6D80EBF8A6457CCF9CCDCB69 /* Pods-TwilioFlyover.release.xcconfig */ = {isa = PBXFileReference; includeInIndex = 1; lastKnownFileType = text.xcconfig; name = "Pods-TwilioFlyover.release.xcconfig"; path = "Pods/Target Support Files/Pods-TwilioFlyover/Pods-TwilioFlyover.release.xcconfig"; sourceTree = "<group>"; };
		92FD2E0E1C9666F61CC7C8B4 /* Pods-TwilioFlyoverUITests.debug.xcconfig */ = {isa = PBXFileReference; includeInIndex = 1; lastKnownFileType = text.xcconfig; name = "Pods-TwilioFlyoverUITests.debug.xcconfig"; path = "Pods/Target Support Files/Pods-TwilioFlyoverUITests/Pods-TwilioFlyoverUITests.debug.xcconfig"; sourceTree = "<group>"; };
		99E2386AE6430362131653DF /* Pods_TwilioFlyoverTests.framework */ = {isa = PBXFileReference; explicitFileType = wrapper.framework; includeInIndex = 0; path = Pods_TwilioFlyoverTests.framework; sourceTree = BUILT_PRODUCTS_DIR; };
		D7F6399AC9025A658632C2B3 /* Pods-TwilioFlyoverTests.release.xcconfig */ = {isa = PBXFileReference; includeInIndex = 1; lastKnownFileType = text.xcconfig; name = "Pods-TwilioFlyoverTests.release.xcconfig"; path = "Pods/Target Support Files/Pods-TwilioFlyoverTests/Pods-TwilioFlyoverTests.release.xcconfig"; sourceTree = "<group>"; };
		F62BE1BB8CB5FD05E5644232 /* Pods-TwilioFlyoverTests.debug.xcconfig */ = {isa = PBXFileReference; includeInIndex = 1; lastKnownFileType = text.xcconfig; name = "Pods-TwilioFlyoverTests.debug.xcconfig"; path = "Pods/Target Support Files/Pods-TwilioFlyoverTests/Pods-TwilioFlyoverTests.debug.xcconfig"; sourceTree = "<group>"; };
/* End PBXFileReference section */

/* Begin PBXFrameworksBuildPhase section */
		1C919DE721375162008CC300 /* Frameworks */ = {
			isa = PBXFrameworksBuildPhase;
			buildActionMask = 2147483647;
			files = (
				BBD971A000875F1B99F3D53C /* Pods_TwilioFlyover.framework in Frameworks */,
			);
			runOnlyForDeploymentPostprocessing = 0;
		};
		1C919DFE21375163008CC300 /* Frameworks */ = {
			isa = PBXFrameworksBuildPhase;
			buildActionMask = 2147483647;
			files = (
				FF64D7B6378A609150ED9424 /* Pods_TwilioFlyoverTests.framework in Frameworks */,
			);
			runOnlyForDeploymentPostprocessing = 0;
		};
		1C919E0921375163008CC300 /* Frameworks */ = {
			isa = PBXFrameworksBuildPhase;
			buildActionMask = 2147483647;
			files = (
				E815B3D492D2156767D64152 /* Pods_TwilioFlyoverUITests.framework in Frameworks */,
			);
			runOnlyForDeploymentPostprocessing = 0;
		};
/* End PBXFrameworksBuildPhase section */

/* Begin PBXGroup section */
		163C3BF13217B074D67A2C85 /* Frameworks */ = {
			isa = PBXGroup;
			children = (
				1C9324AA21656F3100BA7568 /* FlyoverKit.framework */,
				43F1F8F1D97B39B353567244 /* Pods_TwilioFlyover.framework */,
				99E2386AE6430362131653DF /* Pods_TwilioFlyoverTests.framework */,
				0ACC6B5A51EFEA8578497D08 /* Pods_TwilioFlyoverUITests.framework */,
			);
			name = Frameworks;
			sourceTree = "<group>";
		};
		1C919DE121375162008CC300 = {
			isa = PBXGroup;
			children = (
				1C919DEC21375162008CC300 /* TwilioFlyover */,
				1C919DEB21375162008CC300 /* Products */,
				FC660178DF9A4D5A4CB97F8E /* Pods */,
				163C3BF13217B074D67A2C85 /* Frameworks */,
			);
			sourceTree = "<group>";
		};
		1C919DEB21375162008CC300 /* Products */ = {
			isa = PBXGroup;
			children = (
				1C919DEA21375162008CC300 /* TwilioFlyover.app */,
				1C919E0121375163008CC300 /* TwilioFlyoverTests.xctest */,
				1C919E0C21375163008CC300 /* TwilioFlyoverUITests.xctest */,
			);
			name = Products;
			sourceTree = "<group>";
		};
		1C919DEC21375162008CC300 /* TwilioFlyover */ = {
			isa = PBXGroup;
			children = (
				1CB730DC219A54FF00B60C42 /* ReplayKitVideoSource.swift */,
				1C919DED21375162008CC300 /* AppDelegate.swift */,
				1C919DEF21375162008CC300 /* ViewController.swift */,
				1C919DF121375162008CC300 /* Main.storyboard */,
				1C919DF721375163008CC300 /* Assets.xcassets */,
				1C919DF921375163008CC300 /* LaunchScreen.storyboard */,
				1C919DFC21375163008CC300 /* Info.plist */,
			);
			path = TwilioFlyover;
			sourceTree = "<group>";
		};
		FC660178DF9A4D5A4CB97F8E /* Pods */ = {
			isa = PBXGroup;
			children = (
				1343AB59D0E5F7A2C5468052 /* Pods-TwilioFlyover.debug.xcconfig */,
				6D80EBF8A6457CCF9CCDCB69 /* Pods-TwilioFlyover.release.xcconfig */,
				F62BE1BB8CB5FD05E5644232 /* Pods-TwilioFlyoverTests.debug.xcconfig */,
				D7F6399AC9025A658632C2B3 /* Pods-TwilioFlyoverTests.release.xcconfig */,
				92FD2E0E1C9666F61CC7C8B4 /* Pods-TwilioFlyoverUITests.debug.xcconfig */,
				3B1EE2E05349475A06EDAAAF /* Pods-TwilioFlyoverUITests.release.xcconfig */,
			);
			name = Pods;
			sourceTree = "<group>";
		};
/* End PBXGroup section */

/* Begin PBXNativeTarget section */
		1C919DE921375162008CC300 /* TwilioFlyover */ = {
			isa = PBXNativeTarget;
			buildConfigurationList = 1C919E1521375163008CC300 /* Build configuration list for PBXNativeTarget "TwilioFlyover" */;
			buildPhases = (
				6D21F3350B5BED5314B8D0E1 /* [CP] Check Pods Manifest.lock */,
				1C919DE621375162008CC300 /* Sources */,
				1C919DE721375162008CC300 /* Frameworks */,
				1C919DE821375162008CC300 /* Resources */,
				EBC3845EFAA3EF74296D7D49 /* [CP] Embed Pods Frameworks */,
			);
			buildRules = (
			);
			dependencies = (
			);
			name = TwilioFlyover;
			productName = TwilioFlyover;
			productReference = 1C919DEA21375162008CC300 /* TwilioFlyover.app */;
			productType = "com.apple.product-type.application";
		};
		1C919E0021375163008CC300 /* TwilioFlyoverTests */ = {
			isa = PBXNativeTarget;
			buildConfigurationList = 1C919E1821375163008CC300 /* Build configuration list for PBXNativeTarget "TwilioFlyoverTests" */;
			buildPhases = (
				9BB1F12842260B1FFD56999D /* [CP] Check Pods Manifest.lock */,
				1C919DFD21375163008CC300 /* Sources */,
				1C919DFE21375163008CC300 /* Frameworks */,
				1C919DFF21375163008CC300 /* Resources */,
			);
			buildRules = (
			);
			dependencies = (
				1C919E0321375163008CC300 /* PBXTargetDependency */,
			);
			name = TwilioFlyoverTests;
			productName = TwilioFlyoverTests;
			productReference = 1C919E0121375163008CC300 /* TwilioFlyoverTests.xctest */;
			productType = "com.apple.product-type.bundle.unit-test";
		};
		1C919E0B21375163008CC300 /* TwilioFlyoverUITests */ = {
			isa = PBXNativeTarget;
			buildConfigurationList = 1C919E1B21375163008CC300 /* Build configuration list for PBXNativeTarget "TwilioFlyoverUITests" */;
			buildPhases = (
				209F134EFF45CEBEFFED0C9D /* [CP] Check Pods Manifest.lock */,
				1C919E0821375163008CC300 /* Sources */,
				1C919E0921375163008CC300 /* Frameworks */,
				1C919E0A21375163008CC300 /* Resources */,
			);
			buildRules = (
			);
			dependencies = (
				1C919E0E21375163008CC300 /* PBXTargetDependency */,
			);
			name = TwilioFlyoverUITests;
			productName = TwilioFlyoverUITests;
			productReference = 1C919E0C21375163008CC300 /* TwilioFlyoverUITests.xctest */;
			productType = "com.apple.product-type.bundle.ui-testing";
		};
/* End PBXNativeTarget section */

/* Begin PBXProject section */
		1C919DE221375162008CC300 /* Project object */ = {
			isa = PBXProject;
			attributes = {
				LastSwiftUpdateCheck = 0940;
				LastUpgradeCheck = 0940;
				ORGANIZATIONNAME = "Lizzie Siegle";
				TargetAttributes = {
					1C919DE921375162008CC300 = {
						CreatedOnToolsVersion = 9.4.1;
						LastSwiftMigration = 1000;
					};
					1C919E0021375163008CC300 = {
						CreatedOnToolsVersion = 9.4.1;
						LastSwiftMigration = 1000;
						TestTargetID = 1C919DE921375162008CC300;
					};
					1C919E0B21375163008CC300 = {
						CreatedOnToolsVersion = 9.4.1;
						LastSwiftMigration = 1000;
						TestTargetID = 1C919DE921375162008CC300;
					};
				};
			};
			buildConfigurationList = 1C919DE521375162008CC300 /* Build configuration list for PBXProject "TwilioFlyover" */;
			compatibilityVersion = "Xcode 9.3";
			developmentRegion = en;
			hasScannedForEncodings = 0;
			knownRegions = (
				en,
				Base,
			);
			mainGroup = 1C919DE121375162008CC300;
			productRefGroup = 1C919DEB21375162008CC300 /* Products */;
			projectDirPath = "";
			projectRoot = "";
			targets = (
				1C919DE921375162008CC300 /* TwilioFlyover */,
				1C919E0021375163008CC300 /* TwilioFlyoverTests */,
				1C919E0B21375163008CC300 /* TwilioFlyoverUITests */,
			);
		};
/* End PBXProject section */

/* Begin PBXResourcesBuildPhase section */
		1C919DE821375162008CC300 /* Resources */ = {
			isa = PBXResourcesBuildPhase;
			buildActionMask = 2147483647;
			files = (
				1C919DFB21375163008CC300 /* LaunchScreen.storyboard in Resources */,
				1C919DF821375163008CC300 /* Assets.xcassets in Resources */,
				1C919DF321375162008CC300 /* Main.storyboard in Resources */,
			);
			runOnlyForDeploymentPostprocessing = 0;
		};
		1C919DFF21375163008CC300 /* Resources */ = {
			isa = PBXResourcesBuildPhase;
			buildActionMask = 2147483647;
			files = (
			);
			runOnlyForDeploymentPostprocessing = 0;
		};
		1C919E0A21375163008CC300 /* Resources */ = {
			isa = PBXResourcesBuildPhase;
			buildActionMask = 2147483647;
			files = (
			);
			runOnlyForDeploymentPostprocessing = 0;
		};
/* End PBXResourcesBuildPhase section */

/* Begin PBXShellScriptBuildPhase section */
		209F134EFF45CEBEFFED0C9D /* [CP] Check Pods Manifest.lock */ = {
			isa = PBXShellScriptBuildPhase;
			buildActionMask = 2147483647;
			files = (
			);
			inputPaths = (
				"${PODS_PODFILE_DIR_PATH}/Podfile.lock",
				"${PODS_ROOT}/Manifest.lock",
			);
			name = "[CP] Check Pods Manifest.lock";
			outputPaths = (
				"$(DERIVED_FILE_DIR)/Pods-TwilioFlyoverUITests-checkManifestLockResult.txt",
			);
			runOnlyForDeploymentPostprocessing = 0;
			shellPath = /bin/sh;
			shellScript = "diff \"${PODS_PODFILE_DIR_PATH}/Podfile.lock\" \"${PODS_ROOT}/Manifest.lock\" > /dev/null\nif [ $? != 0 ] ; then\n    # print error to STDERR\n    echo \"error: The sandbox is not in sync with the Podfile.lock. Run 'pod install' or update your CocoaPods installation.\" >&2\n    exit 1\nfi\n# This output is used by Xcode 'outputs' to avoid re-running this script phase.\necho \"SUCCESS\" > \"${SCRIPT_OUTPUT_FILE_0}\"\n";
			showEnvVarsInLog = 0;
		};
		6D21F3350B5BED5314B8D0E1 /* [CP] Check Pods Manifest.lock */ = {
			isa = PBXShellScriptBuildPhase;
			buildActionMask = 2147483647;
			files = (
			);
			inputPaths = (
				"${PODS_PODFILE_DIR_PATH}/Podfile.lock",
				"${PODS_ROOT}/Manifest.lock",
			);
			name = "[CP] Check Pods Manifest.lock";
			outputPaths = (
				"$(DERIVED_FILE_DIR)/Pods-TwilioFlyover-checkManifestLockResult.txt",
			);
			runOnlyForDeploymentPostprocessing = 0;
			shellPath = /bin/sh;
			shellScript = "diff \"${PODS_PODFILE_DIR_PATH}/Podfile.lock\" \"${PODS_ROOT}/Manifest.lock\" > /dev/null\nif [ $? != 0 ] ; then\n    # print error to STDERR\n    echo \"error: The sandbox is not in sync with the Podfile.lock. Run 'pod install' or update your CocoaPods installation.\" >&2\n    exit 1\nfi\n# This output is used by Xcode 'outputs' to avoid re-running this script phase.\necho \"SUCCESS\" > \"${SCRIPT_OUTPUT_FILE_0}\"\n";
			showEnvVarsInLog = 0;
		};
		9BB1F12842260B1FFD56999D /* [CP] Check Pods Manifest.lock */ = {
			isa = PBXShellScriptBuildPhase;
			buildActionMask = 2147483647;
			files = (
			);
			inputPaths = (
				"${PODS_PODFILE_DIR_PATH}/Podfile.lock",
				"${PODS_ROOT}/Manifest.lock",
			);
			name = "[CP] Check Pods Manifest.lock";
			outputPaths = (
				"$(DERIVED_FILE_DIR)/Pods-TwilioFlyoverTests-checkManifestLockResult.txt",
			);
			runOnlyForDeploymentPostprocessing = 0;
			shellPath = /bin/sh;
			shellScript = "diff \"${PODS_PODFILE_DIR_PATH}/Podfile.lock\" \"${PODS_ROOT}/Manifest.lock\" > /dev/null\nif [ $? != 0 ] ; then\n    # print error to STDERR\n    echo \"error: The sandbox is not in sync with the Podfile.lock. Run 'pod install' or update your CocoaPods installation.\" >&2\n    exit 1\nfi\n# This output is used by Xcode 'outputs' to avoid re-running this script phase.\necho \"SUCCESS\" > \"${SCRIPT_OUTPUT_FILE_0}\"\n";
			showEnvVarsInLog = 0;
		};
		EBC3845EFAA3EF74296D7D49 /* [CP] Embed Pods Frameworks */ = {
			isa = PBXShellScriptBuildPhase;
			buildActionMask = 2147483647;
			files = (
			);
			inputPaths = (
				"${SRCROOT}/Pods/Target Support Files/Pods-TwilioFlyover/Pods-TwilioFlyover-frameworks.sh",
				"${BUILT_PRODUCTS_DIR}/FlyoverKit/FlyoverKit.framework",
				"${PODS_ROOT}/TwilioVideo/Build/iOS/TwilioVideo.framework",
			);
			name = "[CP] Embed Pods Frameworks";
			outputPaths = (
				"${TARGET_BUILD_DIR}/${FRAMEWORKS_FOLDER_PATH}/FlyoverKit.framework",
				"${TARGET_BUILD_DIR}/${FRAMEWORKS_FOLDER_PATH}/TwilioVideo.framework",
			);
			runOnlyForDeploymentPostprocessing = 0;
			shellPath = /bin/sh;
			shellScript = "\"${SRCROOT}/Pods/Target Support Files/Pods-TwilioFlyover/Pods-TwilioFlyover-frameworks.sh\"\n";
			showEnvVarsInLog = 0;
		};
/* End PBXShellScriptBuildPhase section */

/* Begin PBXSourcesBuildPhase section */
		1C919DE621375162008CC300 /* Sources */ = {
			isa = PBXSourcesBuildPhase;
			buildActionMask = 2147483647;
			files = (
				1CB730DD219A54FF00B60C42 /* ReplayKitVideoSource.swift in Sources */,
				1C919DF021375162008CC300 /* ViewController.swift in Sources */,
				1C919DEE21375162008CC300 /* AppDelegate.swift in Sources */,
			);
			runOnlyForDeploymentPostprocessing = 0;
		};
		1C919DFD21375163008CC300 /* Sources */ = {
			isa = PBXSourcesBuildPhase;
			buildActionMask = 2147483647;
			files = (
			);
			runOnlyForDeploymentPostprocessing = 0;
		};
		1C919E0821375163008CC300 /* Sources */ = {
			isa = PBXSourcesBuildPhase;
			buildActionMask = 2147483647;
			files = (
			);
			runOnlyForDeploymentPostprocessing = 0;
		};
/* End PBXSourcesBuildPhase section */

/* Begin PBXTargetDependency section */
		1C919E0321375163008CC300 /* PBXTargetDependency */ = {
			isa = PBXTargetDependency;
			target = 1C919DE921375162008CC300 /* TwilioFlyover */;
			targetProxy = 1C919E0221375163008CC300 /* PBXContainerItemProxy */;
		};
		1C919E0E21375163008CC300 /* PBXTargetDependency */ = {
			isa = PBXTargetDependency;
			target = 1C919DE921375162008CC300 /* TwilioFlyover */;
			targetProxy = 1C919E0D21375163008CC300 /* PBXContainerItemProxy */;
		};
/* End PBXTargetDependency section */

/* Begin PBXVariantGroup section */
		1C919DF121375162008CC300 /* Main.storyboard */ = {
			isa = PBXVariantGroup;
			children = (
				1C919DF221375162008CC300 /* Base */,
			);
			name = Main.storyboard;
			sourceTree = "<group>";
		};
		1C919DF921375163008CC300 /* LaunchScreen.storyboard */ = {
			isa = PBXVariantGroup;
			children = (
				1C919DFA21375163008CC300 /* Base */,
			);
			name = LaunchScreen.storyboard;
			sourceTree = "<group>";
		};
/* End PBXVariantGroup section */

/* Begin XCBuildConfiguration section */
		1C919E1321375163008CC300 /* Debug */ = {
			isa = XCBuildConfiguration;
			buildSettings = {
				ALWAYS_SEARCH_USER_PATHS = NO;
				CLANG_ANALYZER_NONNULL = YES;
				CLANG_ANALYZER_NUMBER_OBJECT_CONVERSION = YES_AGGRESSIVE;
				CLANG_CXX_LANGUAGE_STANDARD = "gnu++14";
				CLANG_CXX_LIBRARY = "libc++";
				CLANG_ENABLE_MODULES = YES;
				CLANG_ENABLE_OBJC_ARC = YES;
				CLANG_ENABLE_OBJC_WEAK = YES;
				CLANG_WARN_BLOCK_CAPTURE_AUTORELEASING = YES;
				CLANG_WARN_BOOL_CONVERSION = YES;
				CLANG_WARN_COMMA = YES;
				CLANG_WARN_CONSTANT_CONVERSION = YES;
				CLANG_WARN_DEPRECATED_OBJC_IMPLEMENTATIONS = YES;
				CLANG_WARN_DIRECT_OBJC_ISA_USAGE = YES_ERROR;
				CLANG_WARN_DOCUMENTATION_COMMENTS = YES;
				CLANG_WARN_EMPTY_BODY = YES;
				CLANG_WARN_ENUM_CONVERSION = YES;
				CLANG_WARN_INFINITE_RECURSION = YES;
				CLANG_WARN_INT_CONVERSION = YES;
				CLANG_WARN_NON_LITERAL_NULL_CONVERSION = YES;
				CLANG_WARN_OBJC_IMPLICIT_RETAIN_SELF = YES;
				CLANG_WARN_OBJC_LITERAL_CONVERSION = YES;
				CLANG_WARN_OBJC_ROOT_CLASS = YES_ERROR;
				CLANG_WARN_RANGE_LOOP_ANALYSIS = YES;
				CLANG_WARN_STRICT_PROTOTYPES = YES;
				CLANG_WARN_SUSPICIOUS_MOVE = YES;
				CLANG_WARN_UNGUARDED_AVAILABILITY = YES_AGGRESSIVE;
				CLANG_WARN_UNREACHABLE_CODE = YES;
				CLANG_WARN__DUPLICATE_METHOD_MATCH = YES;
				CODE_SIGN_IDENTITY = "iPhone Developer";
				COPY_PHASE_STRIP = NO;
				DEBUG_INFORMATION_FORMAT = dwarf;
				ENABLE_STRICT_OBJC_MSGSEND = YES;
				ENABLE_TESTABILITY = YES;
				GCC_C_LANGUAGE_STANDARD = gnu11;
				GCC_DYNAMIC_NO_PIC = NO;
				GCC_NO_COMMON_BLOCKS = YES;
				GCC_OPTIMIZATION_LEVEL = 0;
				GCC_PREPROCESSOR_DEFINITIONS = (
					"DEBUG=1",
					"$(inherited)",
				);
				GCC_WARN_64_TO_32_BIT_CONVERSION = YES;
				GCC_WARN_ABOUT_RETURN_TYPE = YES_ERROR;
				GCC_WARN_UNDECLARED_SELECTOR = YES;
				GCC_WARN_UNINITIALIZED_AUTOS = YES_AGGRESSIVE;
				GCC_WARN_UNUSED_FUNCTION = YES;
				GCC_WARN_UNUSED_VARIABLE = YES;
				IPHONEOS_DEPLOYMENT_TARGET = 11.4;
				MTL_ENABLE_DEBUG_INFO = YES;
				ONLY_ACTIVE_ARCH = YES;
				SDKROOT = iphoneos;
				SWIFT_ACTIVE_COMPILATION_CONDITIONS = DEBUG;
				SWIFT_OPTIMIZATION_LEVEL = "-Onone";
			};
			name = Debug;
		};
		1C919E1421375163008CC300 /* Release */ = {
			isa = XCBuildConfiguration;
			buildSettings = {
				ALWAYS_SEARCH_USER_PATHS = NO;
				CLANG_ANALYZER_NONNULL = YES;
				CLANG_ANALYZER_NUMBER_OBJECT_CONVERSION = YES_AGGRESSIVE;
				CLANG_CXX_LANGUAGE_STANDARD = "gnu++14";
				CLANG_CXX_LIBRARY = "libc++";
				CLANG_ENABLE_MODULES = YES;
				CLANG_ENABLE_OBJC_ARC = YES;
				CLANG_ENABLE_OBJC_WEAK = YES;
				CLANG_WARN_BLOCK_CAPTURE_AUTORELEASING = YES;
				CLANG_WARN_BOOL_CONVERSION = YES;
				CLANG_WARN_COMMA = YES;
				CLANG_WARN_CONSTANT_CONVERSION = YES;
				CLANG_WARN_DEPRECATED_OBJC_IMPLEMENTATIONS = YES;
				CLANG_WARN_DIRECT_OBJC_ISA_USAGE = YES_ERROR;
				CLANG_WARN_DOCUMENTATION_COMMENTS = YES;
				CLANG_WARN_EMPTY_BODY = YES;
				CLANG_WARN_ENUM_CONVERSION = YES;
				CLANG_WARN_INFINITE_RECURSION = YES;
				CLANG_WARN_INT_CONVERSION = YES;
				CLANG_WARN_NON_LITERAL_NULL_CONVERSION = YES;
				CLANG_WARN_OBJC_IMPLICIT_RETAIN_SELF = YES;
				CLANG_WARN_OBJC_LITERAL_CONVERSION = YES;
				CLANG_WARN_OBJC_ROOT_CLASS = YES_ERROR;
				CLANG_WARN_RANGE_LOOP_ANALYSIS = YES;
				CLANG_WARN_STRICT_PROTOTYPES = YES;
				CLANG_WARN_SUSPICIOUS_MOVE = YES;
				CLANG_WARN_UNGUARDED_AVAILABILITY = YES_AGGRESSIVE;
				CLANG_WARN_UNREACHABLE_CODE = YES;
				CLANG_WARN__DUPLICATE_METHOD_MATCH = YES;
				CODE_SIGN_IDENTITY = "iPhone Developer";
				COPY_PHASE_STRIP = NO;
				DEBUG_INFORMATION_FORMAT = "dwarf-with-dsym";
				ENABLE_NS_ASSERTIONS = NO;
				ENABLE_STRICT_OBJC_MSGSEND = YES;
				GCC_C_LANGUAGE_STANDARD = gnu11;
				GCC_NO_COMMON_BLOCKS = YES;
				GCC_WARN_64_TO_32_BIT_CONVERSION = YES;
				GCC_WARN_ABOUT_RETURN_TYPE = YES_ERROR;
				GCC_WARN_UNDECLARED_SELECTOR = YES;
				GCC_WARN_UNINITIALIZED_AUTOS = YES_AGGRESSIVE;
				GCC_WARN_UNUSED_FUNCTION = YES;
				GCC_WARN_UNUSED_VARIABLE = YES;
				IPHONEOS_DEPLOYMENT_TARGET = 11.4;
				MTL_ENABLE_DEBUG_INFO = NO;
				SDKROOT = iphoneos;
				SWIFT_COMPILATION_MODE = wholemodule;
				SWIFT_OPTIMIZATION_LEVEL = "-O";
				VALIDATE_PRODUCT = YES;
			};
			name = Release;
		};
		1C919E1621375163008CC300 /* Debug */ = {
			isa = XCBuildConfiguration;
			baseConfigurationReference = 1343AB59D0E5F7A2C5468052 /* Pods-TwilioFlyover.debug.xcconfig */;
			buildSettings = {
				ASSETCATALOG_COMPILER_APPICON_NAME = AppIcon;
				CODE_SIGN_STYLE = Automatic;
				DEVELOPMENT_TEAM = 6NUB37727Z;
				INFOPLIST_FILE = TwilioFlyover/Info.plist;
				LD_RUNPATH_SEARCH_PATHS = (
					"$(inherited)",
					"@executable_path/Frameworks",
				);
				PRODUCT_BUNDLE_IDENTIFIER = lsie.TwilioFlyover;
				PRODUCT_NAME = "$(TARGET_NAME)";
				SWIFT_VERSION = 4.2;
				TARGETED_DEVICE_FAMILY = "1,2";
			};
			name = Debug;
		};
		1C919E1721375163008CC300 /* Release */ = {
			isa = XCBuildConfiguration;
			baseConfigurationReference = 6D80EBF8A6457CCF9CCDCB69 /* Pods-TwilioFlyover.release.xcconfig */;
			buildSettings = {
				ASSETCATALOG_COMPILER_APPICON_NAME = AppIcon;
				CODE_SIGN_STYLE = Automatic;
				DEVELOPMENT_TEAM = 6NUB37727Z;
				INFOPLIST_FILE = TwilioFlyover/Info.plist;
				LD_RUNPATH_SEARCH_PATHS = (
					"$(inherited)",
					"@executable_path/Frameworks",
				);
				PRODUCT_BUNDLE_IDENTIFIER = lsie.TwilioFlyover;
				PRODUCT_NAME = "$(TARGET_NAME)";
				SWIFT_VERSION = 4.2;
				TARGETED_DEVICE_FAMILY = "1,2";
			};
			name = Release;
		};
		1C919E1921375163008CC300 /* Debug */ = {
			isa = XCBuildConfiguration;
			baseConfigurationReference = F62BE1BB8CB5FD05E5644232 /* Pods-TwilioFlyoverTests.debug.xcconfig */;
			buildSettings = {
				ALWAYS_EMBED_SWIFT_STANDARD_LIBRARIES = YES;
				BUNDLE_LOADER = "$(TEST_HOST)";
				CODE_SIGN_STYLE = Automatic;
				INFOPLIST_FILE = TwilioFlyoverTests/Info.plist;
				LD_RUNPATH_SEARCH_PATHS = (
					"$(inherited)",
					"@executable_path/Frameworks",
					"@loader_path/Frameworks",
				);
				PRODUCT_BUNDLE_IDENTIFIER = lsie.TwilioFlyoverTests;
				PRODUCT_NAME = "$(TARGET_NAME)";
				SWIFT_VERSION = 4.2;
				TARGETED_DEVICE_FAMILY = "1,2";
				TEST_HOST = "$(BUILT_PRODUCTS_DIR)/TwilioFlyover.app/TwilioFlyover";
			};
			name = Debug;
		};
		1C919E1A21375163008CC300 /* Release */ = {
			isa = XCBuildConfiguration;
			baseConfigurationReference = D7F6399AC9025A658632C2B3 /* Pods-TwilioFlyoverTests.release.xcconfig */;
			buildSettings = {
				ALWAYS_EMBED_SWIFT_STANDARD_LIBRARIES = YES;
				BUNDLE_LOADER = "$(TEST_HOST)";
				CODE_SIGN_STYLE = Automatic;
				INFOPLIST_FILE = TwilioFlyoverTests/Info.plist;
				LD_RUNPATH_SEARCH_PATHS = (
					"$(inherited)",
					"@executable_path/Frameworks",
					"@loader_path/Frameworks",
				);
				PRODUCT_BUNDLE_IDENTIFIER = lsie.TwilioFlyoverTests;
				PRODUCT_NAME = "$(TARGET_NAME)";
				SWIFT_VERSION = 4.2;
				TARGETED_DEVICE_FAMILY = "1,2";
				TEST_HOST = "$(BUILT_PRODUCTS_DIR)/TwilioFlyover.app/TwilioFlyover";
			};
			name = Release;
		};
		1C919E1C21375163008CC300 /* Debug */ = {
			isa = XCBuildConfiguration;
			baseConfigurationReference = 92FD2E0E1C9666F61CC7C8B4 /* Pods-TwilioFlyoverUITests.debug.xcconfig */;
			buildSettings = {
				ALWAYS_EMBED_SWIFT_STANDARD_LIBRARIES = YES;
				CODE_SIGN_STYLE = Automatic;
				INFOPLIST_FILE = TwilioFlyoverUITests/Info.plist;
				LD_RUNPATH_SEARCH_PATHS = (
					"$(inherited)",
					"@executable_path/Frameworks",
					"@loader_path/Frameworks",
				);
				PRODUCT_BUNDLE_IDENTIFIER = lsie.TwilioFlyoverUITests;
				PRODUCT_NAME = "$(TARGET_NAME)";
				SWIFT_VERSION = 4.2;
				TARGETED_DEVICE_FAMILY = "1,2";
				TEST_TARGET_NAME = TwilioFlyover;
			};
			name = Debug;
		};
		1C919E1D21375163008CC300 /* Release */ = {
			isa = XCBuildConfiguration;
			baseConfigurationReference = 3B1EE2E05349475A06EDAAAF /* Pods-TwilioFlyoverUITests.release.xcconfig */;
			buildSettings = {
				ALWAYS_EMBED_SWIFT_STANDARD_LIBRARIES = YES;
				CODE_SIGN_STYLE = Automatic;
				INFOPLIST_FILE = TwilioFlyoverUITests/Info.plist;
				LD_RUNPATH_SEARCH_PATHS = (
					"$(inherited)",
					"@executable_path/Frameworks",
					"@loader_path/Frameworks",
				);
				PRODUCT_BUNDLE_IDENTIFIER = lsie.TwilioFlyoverUITests;
				PRODUCT_NAME = "$(TARGET_NAME)";
				SWIFT_VERSION = 4.2;
				TARGETED_DEVICE_FAMILY = "1,2";
				TEST_TARGET_NAME = TwilioFlyover;
			};
			name = Release;
		};
/* End XCBuildConfiguration section */

/* Begin XCConfigurationList section */
		1C919DE521375162008CC300 /* Build configuration list for PBXProject "TwilioFlyover" */ = {
			isa = XCConfigurationList;
			buildConfigurations = (
				1C919E1321375163008CC300 /* Debug */,
				1C919E1421375163008CC300 /* Release */,
			);
			defaultConfigurationIsVisible = 0;
			defaultConfigurationName = Release;
		};
		1C919E1521375163008CC300 /* Build configuration list for PBXNativeTarget "TwilioFlyover" */ = {
			isa = XCConfigurationList;
			buildConfigurations = (
				1C919E1621375163008CC300 /* Debug */,
				1C919E1721375163008CC300 /* Release */,
			);
			defaultConfigurationIsVisible = 0;
			defaultConfigurationName = Release;
		};
		1C919E1821375163008CC300 /* Build configuration list for PBXNativeTarget "TwilioFlyoverTests" */ = {
			isa = XCConfigurationList;
			buildConfigurations = (
				1C919E1921375163008CC300 /* Debug */,
				1C919E1A21375163008CC300 /* Release */,
			);
			defaultConfigurationIsVisible = 0;
			defaultConfigurationName = Release;
		};
		1C919E1B21375163008CC300 /* Build configuration list for PBXNativeTarget "TwilioFlyoverUITests" */ = {
			isa = XCConfigurationList;
			buildConfigurations = (
				1C919E1C21375163008CC300 /* Debug */,
				1C919E1D21375163008CC300 /* Release */,
			);
			defaultConfigurationIsVisible = 0;
			defaultConfigurationName = Release;
		};
/* End XCConfigurationList section */
	};
	rootObject = 1C919DE221375162008CC300 /* Project object */;
}
